
Microsoft Visual Studio Solution File, Format Version 12.00
# Visual Studio Version 16
VisualStudioVersion = 16.0.30204.135
MinimumVisualStudioVersion = 10.0.40219.1
Project("{FAE04EC0-301F-11D3-BF4B-00C04F79EFBC}") = "SimuladorBateo", "SimuladorBateo\SimuladorBateo.csproj", "{869AC686-6D1D-4C14-994C-ED3EB701DC0E}"
EndProject
Global
	GlobalSection(SolutionConfigurationPlatforms) = preSolution
		Debug|Any CPU = Debug|Any CPU
		Release|Any CPU = Release|Any CPU
	EndGlobalSection
	GlobalSection(ProjectConfigurationPlatforms) = postSolution
		{869AC686-6D1D-4C14-994C-ED3EB701DC0E}.Debug|Any CPU.ActiveCfg = Debug|Any CPU
		{869AC686-6D1D-4C14-994C-ED3EB701DC0E}.Debug|Any CPU.Build.0 = Debug|Any CPU
		{869AC686-6D1D-4C14-994C-ED3EB701DC0E}.Release|Any CPU.ActiveCfg = Release|Any CPU
		{869AC686-6D1D-4C14-994C-ED3EB701DC0E}.Release|Any CPU.Build.0 = Release|Any CPU
	EndGlobalSection
	GlobalSection(SolutionProperties) = preSolution
		HideSolutionNode = FALSE
	EndGlobalSection
	GlobalSection(ExtensibilityGlobals) = postSolution
		SolutionGuid = {823494E7-BEB6-4B5B-8B5D-D61E83CA0016}
	EndGlobalSection
EndGlobal
